
Microsoft Visual Studio Solution File, Format Version 12.00
# Visual Studio 14
VisualStudioVersion = 14.0.25420.1
MinimumVisualStudioVersion = 10.0.40219.1
Project("{FAE04EC0-301F-11D3-BF4B-00C04F79EFBC}") = "Task1.Class.Size", "Task1.Class.Size\Task1.Class.Size.csproj", "{701760E3-E5DC-4688-8755-6CB6B5F5B9B7}"
EndProject
Project("{FAE04EC0-301F-11D3-BF4B-00C04F79EFBC}") = "Task2.Method.PrintStatistics", "Task2.Method.PrintStatistics\Task2.Method.PrintStatistics.csproj", "{CF13E959-2803-4815-AF54-50E300D64CA0}"
EndProject
Global
	GlobalSection(SolutionConfigurationPlatforms) = preSolution
		Debug|Any CPU = Debug|Any CPU
		Release|Any CPU = Release|Any CPU
	EndGlobalSection
	GlobalSection(ProjectConfigurationPlatforms) = postSolution
		{701760E3-E5DC-4688-8755-6CB6B5F5B9B7}.Debug|Any CPU.ActiveCfg = Debug|Any CPU
		{701760E3-E5DC-4688-8755-6CB6B5F5B9B7}.Debug|Any CPU.Build.0 = Debug|Any CPU
		{701760E3-E5DC-4688-8755-6CB6B5F5B9B7}.Release|Any CPU.ActiveCfg = Release|Any CPU
		{701760E3-E5DC-4688-8755-6CB6B5F5B9B7}.Release|Any CPU.Build.0 = Release|Any CPU
		{CF13E959-2803-4815-AF54-50E300D64CA0}.Debug|Any CPU.ActiveCfg = Debug|Any CPU
		{CF13E959-2803-4815-AF54-50E300D64CA0}.Debug|Any CPU.Build.0 = Debug|Any CPU
		{CF13E959-2803-4815-AF54-50E300D64CA0}.Release|Any CPU.ActiveCfg = Release|Any CPU
		{CF13E959-2803-4815-AF54-50E300D64CA0}.Release|Any CPU.Build.0 = Release|Any CPU
	EndGlobalSection
	GlobalSection(SolutionProperties) = preSolution
		HideSolutionNode = FALSE
	EndGlobalSection
EndGlobal
