
Microsoft Visual Studio Solution File, Format Version 12.00
# Visual Studio 14
VisualStudioVersion = 14.0.25420.1
MinimumVisualStudioVersion = 10.0.40219.1
Project("{FAE04EC0-301F-11D3-BF4B-00C04F79EFBC}") = "SuperHeroesUniverse.Models", "SuperHeroesUniverse.Models\SuperHeroesUniverse.Models.csproj", "{D966CF4C-F909-4270-98BA-01FFE49F3586}"
EndProject
Project("{FAE04EC0-301F-11D3-BF4B-00C04F79EFBC}") = "SuperHeroesUniverse.Data", "SuperHeroesUniverse.Data\SuperHeroesUniverse.Data.csproj", "{D4F5F22D-F264-4B7F-81BA-78CBDA5F9302}"
EndProject
Project("{FAE04EC0-301F-11D3-BF4B-00C04F79EFBC}") = "SuperHeroesUniverse.ConsoleClient", "SuperHeroesUniverse.ConsoleClient\SuperHeroesUniverse.ConsoleClient.csproj", "{7569945D-22B4-42FC-A7C9-6298598C563F}"
EndProject
Project("{FAE04EC0-301F-11D3-BF4B-00C04F79EFBC}") = "SuperHeroesUniverse.Common", "SuperHeroesUniverse.Common\SuperHeroesUniverse.Common.csproj", "{274138DD-CF9C-47DC-8A44-9FBC47B11B24}"
EndProject
Project("{FAE04EC0-301F-11D3-BF4B-00C04F79EFBC}") = "DataManipulator", "DataManipulator\DataManipulator.csproj", "{798A85AC-7149-4252-9403-F1667B420DE9}"
EndProject
Global
	GlobalSection(SolutionConfigurationPlatforms) = preSolution
		Debug|Any CPU = Debug|Any CPU
		Release|Any CPU = Release|Any CPU
	EndGlobalSection
	GlobalSection(ProjectConfigurationPlatforms) = postSolution
		{D966CF4C-F909-4270-98BA-01FFE49F3586}.Debug|Any CPU.ActiveCfg = Debug|Any CPU
		{D966CF4C-F909-4270-98BA-01FFE49F3586}.Debug|Any CPU.Build.0 = Debug|Any CPU
		{D966CF4C-F909-4270-98BA-01FFE49F3586}.Release|Any CPU.ActiveCfg = Release|Any CPU
		{D966CF4C-F909-4270-98BA-01FFE49F3586}.Release|Any CPU.Build.0 = Release|Any CPU
		{D4F5F22D-F264-4B7F-81BA-78CBDA5F9302}.Debug|Any CPU.ActiveCfg = Debug|Any CPU
		{D4F5F22D-F264-4B7F-81BA-78CBDA5F9302}.Debug|Any CPU.Build.0 = Debug|Any CPU
		{D4F5F22D-F264-4B7F-81BA-78CBDA5F9302}.Release|Any CPU.ActiveCfg = Release|Any CPU
		{D4F5F22D-F264-4B7F-81BA-78CBDA5F9302}.Release|Any CPU.Build.0 = Release|Any CPU
		{7569945D-22B4-42FC-A7C9-6298598C563F}.Debug|Any CPU.ActiveCfg = Debug|Any CPU
		{7569945D-22B4-42FC-A7C9-6298598C563F}.Debug|Any CPU.Build.0 = Debug|Any CPU
		{7569945D-22B4-42FC-A7C9-6298598C563F}.Release|Any CPU.ActiveCfg = Release|Any CPU
		{7569945D-22B4-42FC-A7C9-6298598C563F}.Release|Any CPU.Build.0 = Release|Any CPU
		{274138DD-CF9C-47DC-8A44-9FBC47B11B24}.Debug|Any CPU.ActiveCfg = Debug|Any CPU
		{274138DD-CF9C-47DC-8A44-9FBC47B11B24}.Debug|Any CPU.Build.0 = Debug|Any CPU
		{274138DD-CF9C-47DC-8A44-9FBC47B11B24}.Release|Any CPU.ActiveCfg = Release|Any CPU
		{274138DD-CF9C-47DC-8A44-9FBC47B11B24}.Release|Any CPU.Build.0 = Release|Any CPU
		{798A85AC-7149-4252-9403-F1667B420DE9}.Debug|Any CPU.ActiveCfg = Debug|Any CPU
		{798A85AC-7149-4252-9403-F1667B420DE9}.Debug|Any CPU.Build.0 = Debug|Any CPU
		{798A85AC-7149-4252-9403-F1667B420DE9}.Release|Any CPU.ActiveCfg = Release|Any CPU
		{798A85AC-7149-4252-9403-F1667B420DE9}.Release|Any CPU.Build.0 = Release|Any CPU
	EndGlobalSection
	GlobalSection(SolutionProperties) = preSolution
		HideSolutionNode = FALSE
	EndGlobalSection
EndGlobal
