
Microsoft Visual Studio Solution File, Format Version 12.00
# Visual Studio 14
VisualStudioVersion = 14.0.25420.1
MinimumVisualStudioVersion = 10.0.40219.1
Project("{FAE04EC0-301F-11D3-BF4B-00C04F79EFBC}") = "JSON.NET", "JSON.NET\JSON.NET.csproj", "{97F11FD3-622F-4031-8769-783371252223}"
EndProject
Project("{FAE04EC0-301F-11D3-BF4B-00C04F79EFBC}") = "JavaScriptSerializerJSON", "JavaScriptSerializerJSON\JavaScriptSerializerJSON.csproj", "{9E6AE76A-1DEB-4ABC-A595-DEF3BAC8A31B}"
EndProject
Project("{FAE04EC0-301F-11D3-BF4B-00C04F79EFBC}") = "XMLToJSON", "XMLToJSON\XMLToJSON.csproj", "{B51C3FF7-C7D3-4107-9317-C32D3F00D220}"
EndProject
Global
	GlobalSection(SolutionConfigurationPlatforms) = preSolution
		Debug|Any CPU = Debug|Any CPU
		Release|Any CPU = Release|Any CPU
	EndGlobalSection
	GlobalSection(ProjectConfigurationPlatforms) = postSolution
		{97F11FD3-622F-4031-8769-783371252223}.Debug|Any CPU.ActiveCfg = Debug|Any CPU
		{97F11FD3-622F-4031-8769-783371252223}.Debug|Any CPU.Build.0 = Debug|Any CPU
		{97F11FD3-622F-4031-8769-783371252223}.Release|Any CPU.ActiveCfg = Release|Any CPU
		{97F11FD3-622F-4031-8769-783371252223}.Release|Any CPU.Build.0 = Release|Any CPU
		{9E6AE76A-1DEB-4ABC-A595-DEF3BAC8A31B}.Debug|Any CPU.ActiveCfg = Debug|Any CPU
		{9E6AE76A-1DEB-4ABC-A595-DEF3BAC8A31B}.Debug|Any CPU.Build.0 = Debug|Any CPU
		{9E6AE76A-1DEB-4ABC-A595-DEF3BAC8A31B}.Release|Any CPU.ActiveCfg = Release|Any CPU
		{9E6AE76A-1DEB-4ABC-A595-DEF3BAC8A31B}.Release|Any CPU.Build.0 = Release|Any CPU
		{B51C3FF7-C7D3-4107-9317-C32D3F00D220}.Debug|Any CPU.ActiveCfg = Debug|Any CPU
		{B51C3FF7-C7D3-4107-9317-C32D3F00D220}.Debug|Any CPU.Build.0 = Debug|Any CPU
		{B51C3FF7-C7D3-4107-9317-C32D3F00D220}.Release|Any CPU.ActiveCfg = Release|Any CPU
		{B51C3FF7-C7D3-4107-9317-C32D3F00D220}.Release|Any CPU.Build.0 = Release|Any CPU
	EndGlobalSection
	GlobalSection(SolutionProperties) = preSolution
		HideSolutionNode = FALSE
	EndGlobalSection
EndGlobal
