
Microsoft Visual Studio Solution File, Format Version 12.00
# Visual Studio 14
VisualStudioVersion = 14.0.25420.1
MinimumVisualStudioVersion = 10.0.40219.1
Project("{FAE04EC0-301F-11D3-BF4B-00C04F79EFBC}") = "02.ExtractArtists", "02.ExtractArtists\02.ExtractArtists.csproj", "{E3252E41-2C58-4A84-9749-D79C4D40701D}"
EndProject
Project("{FAE04EC0-301F-11D3-BF4B-00C04F79EFBC}") = "03.XPathExtractArtists", "03.XPathExtractArtists\03.XPathExtractArtists.csproj", "{7F2AE764-CA5C-423A-9AB3-4BB4CC31ED5D}"
EndProject
Project("{FAE04EC0-301F-11D3-BF4B-00C04F79EFBC}") = "04.DeleteOverPricedAlbum", "04.DeleteOverPricedAlbum\04.DeleteOverPricedAlbum.csproj", "{A1408442-8922-4532-A1ED-55E4387509B2}"
EndProject
Project("{FAE04EC0-301F-11D3-BF4B-00C04F79EFBC}") = "05.XmlReaderExtractsSongTitles", "05.XmlReaderExtractsSongTitles\05.XmlReaderExtractsSongTitles.csproj", "{0B612EF7-BEFE-40DF-943F-49E4C82EF506}"
EndProject
Project("{FAE04EC0-301F-11D3-BF4B-00C04F79EFBC}") = "07.XmlFromTxt", "07.XmlFromTxt\07.XmlFromTxt.csproj", "{9D1E32A5-CE6A-4B79-9517-02659C6C6410}"
EndProject
Project("{FAE04EC0-301F-11D3-BF4B-00C04F79EFBC}") = "08.ExtractAlbumsFromCatalog", "08.ExtractAlbumsFromCatalog\08.ExtractAlbumsFromCatalog.csproj", "{FCB144F4-695E-4BD5-90EF-FBB3A789A4D0}"
EndProject
Project("{FAE04EC0-301F-11D3-BF4B-00C04F79EFBC}") = "06.LINQQueryExtractSongs", "06.LINQQueryExtractSongs\06.LINQQueryExtractSongs.csproj", "{6EB60ADD-1AC0-4AC1-BF26-FD7AF440F09C}"
EndProject
Project("{FAE04EC0-301F-11D3-BF4B-00C04F79EFBC}") = "09.TraverseDirectory", "09.TraverseDirectory\09.TraverseDirectory.csproj", "{E39DCB98-8899-4AFE-8D42-EC14EC47B73F}"
EndProject
Project("{FAE04EC0-301F-11D3-BF4B-00C04F79EFBC}") = "10.TraverseDirectoryXDocument", "10.TraverseDirectoryXDocument\10.TraverseDirectoryXDocument.csproj", "{10E0D1E4-768C-4032-AA28-21449FD63145}"
EndProject
Project("{FAE04EC0-301F-11D3-BF4B-00C04F79EFBC}") = "11.ExtractPricesOfAlbumsXPath", "11.ExtractPricesOfAlbumsXPath\11.ExtractPricesOfAlbumsXPath.csproj", "{88313E2B-BB93-46E7-A4DB-555F948709F2}"
EndProject
Project("{FAE04EC0-301F-11D3-BF4B-00C04F79EFBC}") = "12.ExtractPricesOfAlbumsLINQ", "12.ExtractPricesOfAlbumsLINQ\12.ExtractPricesOfAlbumsLINQ.csproj", "{73536E58-419B-4539-9DFF-FC800630D6BB}"
EndProject
Project("{2150E333-8FDC-42A3-9474-1A3956D46DE8}") = "Solution Items", "Solution Items", "{6E24BBA3-6C01-4D1B-85FD-4B9F5CBA7B7C}"
	ProjectSection(SolutionItems) = preProject
		13CreateXSLStylesheet.xslt = 13CreateXSLStylesheet.xslt
	EndProjectSection
EndProject
Project("{FAE04EC0-301F-11D3-BF4B-00C04F79EFBC}") = "14.ApplyTheXSLT", "14.ApplyTheXSLT\14.ApplyTheXSLT.csproj", "{485BE757-C980-4631-A205-F496418CC76C}"
EndProject
Project("{FAE04EC0-301F-11D3-BF4B-00C04F79EFBC}") = "16.ValidateXML", "16.ValidateXML\16.ValidateXML.csproj", "{BE52D99B-66C0-4E39-947D-159C6EFED679}"
EndProject
Global
	GlobalSection(SolutionConfigurationPlatforms) = preSolution
		Debug|Any CPU = Debug|Any CPU
		Release|Any CPU = Release|Any CPU
	EndGlobalSection
	GlobalSection(ProjectConfigurationPlatforms) = postSolution
		{E3252E41-2C58-4A84-9749-D79C4D40701D}.Debug|Any CPU.ActiveCfg = Debug|Any CPU
		{E3252E41-2C58-4A84-9749-D79C4D40701D}.Debug|Any CPU.Build.0 = Debug|Any CPU
		{E3252E41-2C58-4A84-9749-D79C4D40701D}.Release|Any CPU.ActiveCfg = Release|Any CPU
		{E3252E41-2C58-4A84-9749-D79C4D40701D}.Release|Any CPU.Build.0 = Release|Any CPU
		{7F2AE764-CA5C-423A-9AB3-4BB4CC31ED5D}.Debug|Any CPU.ActiveCfg = Debug|Any CPU
		{7F2AE764-CA5C-423A-9AB3-4BB4CC31ED5D}.Debug|Any CPU.Build.0 = Debug|Any CPU
		{7F2AE764-CA5C-423A-9AB3-4BB4CC31ED5D}.Release|Any CPU.ActiveCfg = Release|Any CPU
		{7F2AE764-CA5C-423A-9AB3-4BB4CC31ED5D}.Release|Any CPU.Build.0 = Release|Any CPU
		{A1408442-8922-4532-A1ED-55E4387509B2}.Debug|Any CPU.ActiveCfg = Debug|Any CPU
		{A1408442-8922-4532-A1ED-55E4387509B2}.Debug|Any CPU.Build.0 = Debug|Any CPU
		{A1408442-8922-4532-A1ED-55E4387509B2}.Release|Any CPU.ActiveCfg = Release|Any CPU
		{A1408442-8922-4532-A1ED-55E4387509B2}.Release|Any CPU.Build.0 = Release|Any CPU
		{0B612EF7-BEFE-40DF-943F-49E4C82EF506}.Debug|Any CPU.ActiveCfg = Debug|Any CPU
		{0B612EF7-BEFE-40DF-943F-49E4C82EF506}.Debug|Any CPU.Build.0 = Debug|Any CPU
		{0B612EF7-BEFE-40DF-943F-49E4C82EF506}.Release|Any CPU.ActiveCfg = Release|Any CPU
		{0B612EF7-BEFE-40DF-943F-49E4C82EF506}.Release|Any CPU.Build.0 = Release|Any CPU
		{9D1E32A5-CE6A-4B79-9517-02659C6C6410}.Debug|Any CPU.ActiveCfg = Debug|Any CPU
		{9D1E32A5-CE6A-4B79-9517-02659C6C6410}.Debug|Any CPU.Build.0 = Debug|Any CPU
		{9D1E32A5-CE6A-4B79-9517-02659C6C6410}.Release|Any CPU.ActiveCfg = Release|Any CPU
		{9D1E32A5-CE6A-4B79-9517-02659C6C6410}.Release|Any CPU.Build.0 = Release|Any CPU
		{FCB144F4-695E-4BD5-90EF-FBB3A789A4D0}.Debug|Any CPU.ActiveCfg = Debug|Any CPU
		{FCB144F4-695E-4BD5-90EF-FBB3A789A4D0}.Debug|Any CPU.Build.0 = Debug|Any CPU
		{FCB144F4-695E-4BD5-90EF-FBB3A789A4D0}.Release|Any CPU.ActiveCfg = Release|Any CPU
		{FCB144F4-695E-4BD5-90EF-FBB3A789A4D0}.Release|Any CPU.Build.0 = Release|Any CPU
		{6EB60ADD-1AC0-4AC1-BF26-FD7AF440F09C}.Debug|Any CPU.ActiveCfg = Debug|Any CPU
		{6EB60ADD-1AC0-4AC1-BF26-FD7AF440F09C}.Debug|Any CPU.Build.0 = Debug|Any CPU
		{6EB60ADD-1AC0-4AC1-BF26-FD7AF440F09C}.Release|Any CPU.ActiveCfg = Release|Any CPU
		{6EB60ADD-1AC0-4AC1-BF26-FD7AF440F09C}.Release|Any CPU.Build.0 = Release|Any CPU
		{E39DCB98-8899-4AFE-8D42-EC14EC47B73F}.Debug|Any CPU.ActiveCfg = Debug|Any CPU
		{E39DCB98-8899-4AFE-8D42-EC14EC47B73F}.Debug|Any CPU.Build.0 = Debug|Any CPU
		{E39DCB98-8899-4AFE-8D42-EC14EC47B73F}.Release|Any CPU.ActiveCfg = Release|Any CPU
		{E39DCB98-8899-4AFE-8D42-EC14EC47B73F}.Release|Any CPU.Build.0 = Release|Any CPU
		{10E0D1E4-768C-4032-AA28-21449FD63145}.Debug|Any CPU.ActiveCfg = Debug|Any CPU
		{10E0D1E4-768C-4032-AA28-21449FD63145}.Debug|Any CPU.Build.0 = Debug|Any CPU
		{10E0D1E4-768C-4032-AA28-21449FD63145}.Release|Any CPU.ActiveCfg = Release|Any CPU
		{10E0D1E4-768C-4032-AA28-21449FD63145}.Release|Any CPU.Build.0 = Release|Any CPU
		{88313E2B-BB93-46E7-A4DB-555F948709F2}.Debug|Any CPU.ActiveCfg = Debug|Any CPU
		{88313E2B-BB93-46E7-A4DB-555F948709F2}.Debug|Any CPU.Build.0 = Debug|Any CPU
		{88313E2B-BB93-46E7-A4DB-555F948709F2}.Release|Any CPU.ActiveCfg = Release|Any CPU
		{88313E2B-BB93-46E7-A4DB-555F948709F2}.Release|Any CPU.Build.0 = Release|Any CPU
		{73536E58-419B-4539-9DFF-FC800630D6BB}.Debug|Any CPU.ActiveCfg = Debug|Any CPU
		{73536E58-419B-4539-9DFF-FC800630D6BB}.Debug|Any CPU.Build.0 = Debug|Any CPU
		{73536E58-419B-4539-9DFF-FC800630D6BB}.Release|Any CPU.ActiveCfg = Release|Any CPU
		{73536E58-419B-4539-9DFF-FC800630D6BB}.Release|Any CPU.Build.0 = Release|Any CPU
		{485BE757-C980-4631-A205-F496418CC76C}.Debug|Any CPU.ActiveCfg = Debug|Any CPU
		{485BE757-C980-4631-A205-F496418CC76C}.Debug|Any CPU.Build.0 = Debug|Any CPU
		{485BE757-C980-4631-A205-F496418CC76C}.Release|Any CPU.ActiveCfg = Release|Any CPU
		{485BE757-C980-4631-A205-F496418CC76C}.Release|Any CPU.Build.0 = Release|Any CPU
		{BE52D99B-66C0-4E39-947D-159C6EFED679}.Debug|Any CPU.ActiveCfg = Debug|Any CPU
		{BE52D99B-66C0-4E39-947D-159C6EFED679}.Debug|Any CPU.Build.0 = Debug|Any CPU
		{BE52D99B-66C0-4E39-947D-159C6EFED679}.Release|Any CPU.ActiveCfg = Release|Any CPU
		{BE52D99B-66C0-4E39-947D-159C6EFED679}.Release|Any CPU.Build.0 = Release|Any CPU
	EndGlobalSection
	GlobalSection(SolutionProperties) = preSolution
		HideSolutionNode = FALSE
	EndGlobalSection
EndGlobal
