
Microsoft Visual Studio Solution File, Format Version 12.00
# Visual Studio 14
VisualStudioVersion = 14.0.25420.1
MinimumVisualStudioVersion = 10.0.40219.1
Project("{FAE04EC0-301F-11D3-BF4B-00C04F79EFBC}") = "Computers.Data", "Computers.Data\Computers.Data.csproj", "{B1341799-2E08-46D6-8355-DD165B433301}"
EndProject
Project("{FAE04EC0-301F-11D3-BF4B-00C04F79EFBC}") = "ComputersImporter", "ComputersImporter\ComputersImporter.csproj", "{5D7EE40B-9D1A-4A25-897F-C4E549850BF8}"
EndProject
Global
	GlobalSection(SolutionConfigurationPlatforms) = preSolution
		Debug|Any CPU = Debug|Any CPU
		Release|Any CPU = Release|Any CPU
	EndGlobalSection
	GlobalSection(ProjectConfigurationPlatforms) = postSolution
		{B1341799-2E08-46D6-8355-DD165B433301}.Debug|Any CPU.ActiveCfg = Debug|Any CPU
		{B1341799-2E08-46D6-8355-DD165B433301}.Debug|Any CPU.Build.0 = Debug|Any CPU
		{B1341799-2E08-46D6-8355-DD165B433301}.Release|Any CPU.ActiveCfg = Release|Any CPU
		{B1341799-2E08-46D6-8355-DD165B433301}.Release|Any CPU.Build.0 = Release|Any CPU
		{5D7EE40B-9D1A-4A25-897F-C4E549850BF8}.Debug|Any CPU.ActiveCfg = Debug|Any CPU
		{5D7EE40B-9D1A-4A25-897F-C4E549850BF8}.Debug|Any CPU.Build.0 = Debug|Any CPU
		{5D7EE40B-9D1A-4A25-897F-C4E549850BF8}.Release|Any CPU.ActiveCfg = Release|Any CPU
		{5D7EE40B-9D1A-4A25-897F-C4E549850BF8}.Release|Any CPU.Build.0 = Release|Any CPU
	EndGlobalSection
	GlobalSection(SolutionProperties) = preSolution
		HideSolutionNode = FALSE
	EndGlobalSection
EndGlobal
