
Microsoft Visual Studio Solution File, Format Version 12.00
# Visual Studio 14
VisualStudioVersion = 14.0.24720.0
MinimumVisualStudioVersion = 10.0.40219.1
Project("{FAE04EC0-301F-11D3-BF4B-00C04F79EFBC}") = "01.Printing", "01.Printing\01.Printing.csproj", "{C98C2DAD-8D78-4D3D-AE31-3B0255FA69EB}"
EndProject
Project("{FAE04EC0-301F-11D3-BF4B-00C04F79EFBC}") = "02.TextToNumber", "02.TextToNumber\02.TextToNumber.csproj", "{16A51891-E4E9-4891-8447-A5A7A986290D}"
EndProject
Project("{FAE04EC0-301F-11D3-BF4B-00C04F79EFBC}") = "03.SaddyKopper", "03.SaddyKopper\03.SaddyKopper.csproj", "{A1497407-BD60-428C-B93B-16D55561A286}"
EndProject
Project("{FAE04EC0-301F-11D3-BF4B-00C04F79EFBC}") = "04.Cube", "04.Cube\04.Cube.csproj", "{AB594F2E-E147-4D1F-ADE8-ADD11F706B7D}"
EndProject
Project("{FAE04EC0-301F-11D3-BF4B-00C04F79EFBC}") = "05.BitsToBits", "05.BitsToBits\05.BitsToBits.csproj", "{D7961E8C-7E59-4E6F-9DA0-6A5206C6DEBF}"
EndProject
Global
	GlobalSection(SolutionConfigurationPlatforms) = preSolution
		Debug|Any CPU = Debug|Any CPU
		Release|Any CPU = Release|Any CPU
	EndGlobalSection
	GlobalSection(ProjectConfigurationPlatforms) = postSolution
		{C98C2DAD-8D78-4D3D-AE31-3B0255FA69EB}.Debug|Any CPU.ActiveCfg = Debug|Any CPU
		{C98C2DAD-8D78-4D3D-AE31-3B0255FA69EB}.Debug|Any CPU.Build.0 = Debug|Any CPU
		{C98C2DAD-8D78-4D3D-AE31-3B0255FA69EB}.Release|Any CPU.ActiveCfg = Release|Any CPU
		{C98C2DAD-8D78-4D3D-AE31-3B0255FA69EB}.Release|Any CPU.Build.0 = Release|Any CPU
		{16A51891-E4E9-4891-8447-A5A7A986290D}.Debug|Any CPU.ActiveCfg = Debug|Any CPU
		{16A51891-E4E9-4891-8447-A5A7A986290D}.Debug|Any CPU.Build.0 = Debug|Any CPU
		{16A51891-E4E9-4891-8447-A5A7A986290D}.Release|Any CPU.ActiveCfg = Release|Any CPU
		{16A51891-E4E9-4891-8447-A5A7A986290D}.Release|Any CPU.Build.0 = Release|Any CPU
		{A1497407-BD60-428C-B93B-16D55561A286}.Debug|Any CPU.ActiveCfg = Debug|Any CPU
		{A1497407-BD60-428C-B93B-16D55561A286}.Debug|Any CPU.Build.0 = Debug|Any CPU
		{A1497407-BD60-428C-B93B-16D55561A286}.Release|Any CPU.ActiveCfg = Release|Any CPU
		{A1497407-BD60-428C-B93B-16D55561A286}.Release|Any CPU.Build.0 = Release|Any CPU
		{AB594F2E-E147-4D1F-ADE8-ADD11F706B7D}.Debug|Any CPU.ActiveCfg = Debug|Any CPU
		{AB594F2E-E147-4D1F-ADE8-ADD11F706B7D}.Debug|Any CPU.Build.0 = Debug|Any CPU
		{AB594F2E-E147-4D1F-ADE8-ADD11F706B7D}.Release|Any CPU.ActiveCfg = Release|Any CPU
		{AB594F2E-E147-4D1F-ADE8-ADD11F706B7D}.Release|Any CPU.Build.0 = Release|Any CPU
		{D7961E8C-7E59-4E6F-9DA0-6A5206C6DEBF}.Debug|Any CPU.ActiveCfg = Debug|Any CPU
		{D7961E8C-7E59-4E6F-9DA0-6A5206C6DEBF}.Debug|Any CPU.Build.0 = Debug|Any CPU
		{D7961E8C-7E59-4E6F-9DA0-6A5206C6DEBF}.Release|Any CPU.ActiveCfg = Release|Any CPU
		{D7961E8C-7E59-4E6F-9DA0-6A5206C6DEBF}.Release|Any CPU.Build.0 = Release|Any CPU
	EndGlobalSection
	GlobalSection(SolutionProperties) = preSolution
		HideSolutionNode = FALSE
	EndGlobalSection
EndGlobal
